// !$*UTF8*$!
{
	archiveVersion = 1;
	classes = {
	};
	objectVersion = 48;
	objects = {

/* Begin PBXBuildFile section */
		F13EE28F201C30B2005E7905 /* UIViewExtensions.swift in Sources */ = {isa = PBXBuildFile; fileRef = F13EE28E201C30B2005E7905 /* UIViewExtensions.swift */; };
		F13EE291201C3127005E7905 /* Timers.swift in Sources */ = {isa = PBXBuildFile; fileRef = F13EE290201C3127005E7905 /* Timers.swift */; };
		F16F8210201B879500335978 /* AlphaWavesViewController.swift in Sources */ = {isa = PBXBuildFile; fileRef = F16F820F201B879500335978 /* AlphaWavesViewController.swift */; };
		F175E02C20210710000CEC70 /* UISliderX.swift in Sources */ = {isa = PBXBuildFile; fileRef = F175E02B20210710000CEC70 /* UISliderX.swift */; };
		F175E02E202108FD000CEC70 /* UISliderVolume.swift in Sources */ = {isa = PBXBuildFile; fileRef = F175E02D202108FD000CEC70 /* UISliderVolume.swift */; };
		F1822912201AE9DB00FA564C /* Jaapokkienchance-Regular.otf in Resources */ = {isa = PBXBuildFile; fileRef = F1822910201AE9B600FA564C /* Jaapokkienchance-Regular.otf */; };
		F1822913201AE9DC00FA564C /* Jaapokkienchance-Regular.otf in Resources */ = {isa = PBXBuildFile; fileRef = F1822910201AE9B600FA564C /* Jaapokkienchance-Regular.otf */; };
		F1822914201AE9DD00FA564C /* Jaapokkienchance-Regular.otf in Resources */ = {isa = PBXBuildFile; fileRef = F1822910201AE9B600FA564C /* Jaapokkienchance-Regular.otf */; };
		F1822915201AE9E400FA564C /* Jaapokki-Regular.otf in Resources */ = {isa = PBXBuildFile; fileRef = F1822911201AE9B700FA564C /* Jaapokki-Regular.otf */; };
		F1822916201AE9E500FA564C /* Jaapokki-Regular.otf in Resources */ = {isa = PBXBuildFile; fileRef = F1822911201AE9B700FA564C /* Jaapokki-Regular.otf */; };
		F1822917201AE9E500FA564C /* Jaapokki-Regular.otf in Resources */ = {isa = PBXBuildFile; fileRef = F1822911201AE9B700FA564C /* Jaapokki-Regular.otf */; };
		F1822918201AE9EA00FA564C /* Jaapokkisubtract-Regular.otf in Resources */ = {isa = PBXBuildFile; fileRef = F182290F201AE9B600FA564C /* Jaapokkisubtract-Regular.otf */; };
		F1822919201AE9EA00FA564C /* Jaapokkisubtract-Regular.otf in Resources */ = {isa = PBXBuildFile; fileRef = F182290F201AE9B600FA564C /* Jaapokkisubtract-Regular.otf */; };
		F182291A201AE9EA00FA564C /* Jaapokkisubtract-Regular.otf in Resources */ = {isa = PBXBuildFile; fileRef = F182290F201AE9B600FA564C /* Jaapokkisubtract-Regular.otf */; };
		F186CE7D201F7A5200B9EFDE /* Alpha12.0Hz.mp3 in Resources */ = {isa = PBXBuildFile; fileRef = F186CE75201F7A5100B9EFDE /* Alpha12.0Hz.mp3 */; };
		F186CE7E201F7A5200B9EFDE /* Alpha9.5Hz.mp3 in Resources */ = {isa = PBXBuildFile; fileRef = F186CE76201F7A5100B9EFDE /* Alpha9.5Hz.mp3 */; };
		F186CE7F201F7A5200B9EFDE /* Alpha10.0Hz.mp3 in Resources */ = {isa = PBXBuildFile; fileRef = F186CE77201F7A5100B9EFDE /* Alpha10.0Hz.mp3 */; };
		F186CE80201F7A5200B9EFDE /* Alpha8.5Hz.mp3 in Resources */ = {isa = PBXBuildFile; fileRef = F186CE78201F7A5100B9EFDE /* Alpha8.5Hz.mp3 */; };
		F186CE81201F7A5200B9EFDE /* Alpha9.0Hz.mp3 in Resources */ = {isa = PBXBuildFile; fileRef = F186CE79201F7A5100B9EFDE /* Alpha9.0Hz.mp3 */; };
		F186CE82201F7A5200B9EFDE /* Alpha11.5Hz.mp3 in Resources */ = {isa = PBXBuildFile; fileRef = F186CE7A201F7A5100B9EFDE /* Alpha11.5Hz.mp3 */; };
		F186CE83201F7A5200B9EFDE /* Alpha11.0Hz.mp3 in Resources */ = {isa = PBXBuildFile; fileRef = F186CE7B201F7A5200B9EFDE /* Alpha11.0Hz.mp3 */; };
		F186CE84201F7A5200B9EFDE /* Alpha10.5Hz.mp3 in Resources */ = {isa = PBXBuildFile; fileRef = F186CE7C201F7A5200B9EFDE /* Alpha10.5Hz.mp3 */; };
		F186CE86201F7C3600B9EFDE /* Pista.mp3 in Resources */ = {isa = PBXBuildFile; fileRef = F186CE85201F7C3600B9EFDE /* Pista.mp3 */; };
		F186CE88201F7C9100B9EFDE /* Oceansound.mp3 in Resources */ = {isa = PBXBuildFile; fileRef = F186CE87201F7C9100B9EFDE /* Oceansound.mp3 */; };
		F1941C142018EC1F00A7FFE3 /* AppDelegate.swift in Sources */ = {isa = PBXBuildFile; fileRef = F1941C132018EC1F00A7FFE3 /* AppDelegate.swift */; };
		F1941C162018EC1F00A7FFE3 /* ViewController.swift in Sources */ = {isa = PBXBuildFile; fileRef = F1941C152018EC1F00A7FFE3 /* ViewController.swift */; };
		F1941C192018EC1F00A7FFE3 /* Main.storyboard in Resources */ = {isa = PBXBuildFile; fileRef = F1941C172018EC1F00A7FFE3 /* Main.storyboard */; };
		F1941C1B2018EC1F00A7FFE3 /* Assets.xcassets in Resources */ = {isa = PBXBuildFile; fileRef = F1941C1A2018EC1F00A7FFE3 /* Assets.xcassets */; };
		F1941C1E2018EC1F00A7FFE3 /* LaunchScreen.storyboard in Resources */ = {isa = PBXBuildFile; fileRef = F1941C1C2018EC1F00A7FFE3 /* LaunchScreen.storyboard */; };
		F1941C292018EC1F00A7FFE3 /* FubizTests.swift in Sources */ = {isa = PBXBuildFile; fileRef = F1941C282018EC1F00A7FFE3 /* FubizTests.swift */; };
		F1941C342018EC1F00A7FFE3 /* FubizUITests.swift in Sources */ = {isa = PBXBuildFile; fileRef = F1941C332018EC1F00A7FFE3 /* FubizUITests.swift */; };
		F1941C572018F0C500A7FFE3 /* DesignableX in Resources */ = {isa = PBXBuildFile; fileRef = F1941C562018F0C500A7FFE3 /* DesignableX */; };
		F1941C5B2018F11E00A7FFE3 /* FubizBntHome.swift in Sources */ = {isa = PBXBuildFile; fileRef = F1941C5A2018F11E00A7FFE3 /* FubizBntHome.swift */; };
		F1941C5D2018F14500A7FFE3 /* UIButtonX.swift in Sources */ = {isa = PBXBuildFile; fileRef = F1941C5C2018F14500A7FFE3 /* UIButtonX.swift */; };
		F1941C602018F18C00A7FFE3 /* UIImageViewX.swift in Sources */ = {isa = PBXBuildFile; fileRef = F1941C5F2018F18C00A7FFE3 /* UIImageViewX.swift */; };
		F1941C622018F18F00A7FFE3 /* UIViewX.swift in Sources */ = {isa = PBXBuildFile; fileRef = F1941C612018F18F00A7FFE3 /* UIViewX.swift */; };
		F1941C642018F19200A7FFE3 /* UIViewControllerX.swift in Sources */ = {isa = PBXBuildFile; fileRef = F1941C632018F19200A7FFE3 /* UIViewControllerX.swift */; };
		F1941C662018F19500A7FFE3 /* UILabelX.swift in Sources */ = {isa = PBXBuildFile; fileRef = F1941C652018F19500A7FFE3 /* UILabelX.swift */; };
		F1941C692018F4EF00A7FFE3 /* slide.mp3 in Resources */ = {isa = PBXBuildFile; fileRef = F1941C682018F4EF00A7FFE3 /* slide.mp3 */; };
		F1AB68042020406A006676B0 /* ProgressBar.swift in Sources */ = {isa = PBXBuildFile; fileRef = F1AB68032020406A006676B0 /* ProgressBar.swift */; };
		F1AB6806202040ED006676B0 /* CustomColor.swift in Sources */ = {isa = PBXBuildFile; fileRef = F1AB6805202040ED006676B0 /* CustomColor.swift */; };
		F1AB680920204165006676B0 /* CountdownTimer.swift in Sources */ = {isa = PBXBuildFile; fileRef = F1AB680820204165006676B0 /* CountdownTimer.swift */; };
		F1AB680B20204317006676B0 /* TimeViewController.swift in Sources */ = {isa = PBXBuildFile; fileRef = F1AB680A20204317006676B0 /* TimeViewController.swift */; };
		F1BC18B5204DA171004FA5F1 /* AlphaSettingViewController.swift in Sources */ = {isa = PBXBuildFile; fileRef = F1BC18B4204DA171004FA5F1 /* AlphaSettingViewController.swift */; };
/* End PBXBuildFile section */

/* Begin PBXContainerItemProxy section */
		F1941C252018EC1F00A7FFE3 /* PBXContainerItemProxy */ = {
			isa = PBXContainerItemProxy;
			containerPortal = F1941C082018EC1F00A7FFE3 /* Project object */;
			proxyType = 1;
			remoteGlobalIDString = F1941C0F2018EC1F00A7FFE3;
			remoteInfo = Fubiz;
		};
		F1941C302018EC1F00A7FFE3 /* PBXContainerItemProxy */ = {
			isa = PBXContainerItemProxy;
			containerPortal = F1941C082018EC1F00A7FFE3 /* Project object */;
			proxyType = 1;
			remoteGlobalIDString = F1941C0F2018EC1F00A7FFE3;
			remoteInfo = Fubiz;
		};
/* End PBXContainerItemProxy section */

/* Begin PBXFileReference section */
		F13EE28E201C30B2005E7905 /* UIViewExtensions.swift */ = {isa = PBXFileReference; lastKnownFileType = sourcecode.swift; path = UIViewExtensions.swift; sourceTree = "<group>"; };
		F13EE290201C3127005E7905 /* Timers.swift */ = {isa = PBXFileReference; lastKnownFileType = sourcecode.swift; path = Timers.swift; sourceTree = "<group>"; };
		F16F820F201B879500335978 /* AlphaWavesViewController.swift */ = {isa = PBXFileReference; lastKnownFileType = sourcecode.swift; path = AlphaWavesViewController.swift; sourceTree = "<group>"; };
		F175E02B20210710000CEC70 /* UISliderX.swift */ = {isa = PBXFileReference; lastKnownFileType = sourcecode.swift; path = UISliderX.swift; sourceTree = "<group>"; };
		F175E02D202108FD000CEC70 /* UISliderVolume.swift */ = {isa = PBXFileReference; lastKnownFileType = sourcecode.swift; path = UISliderVolume.swift; sourceTree = "<group>"; };
		F182290F201AE9B600FA564C /* Jaapokkisubtract-Regular.otf */ = {isa = PBXFileReference; lastKnownFileType = file; path = "Jaapokkisubtract-Regular.otf"; sourceTree = "<group>"; };
		F1822910201AE9B600FA564C /* Jaapokkienchance-Regular.otf */ = {isa = PBXFileReference; lastKnownFileType = file; path = "Jaapokkienchance-Regular.otf"; sourceTree = "<group>"; };
		F1822911201AE9B700FA564C /* Jaapokki-Regular.otf */ = {isa = PBXFileReference; lastKnownFileType = file; path = "Jaapokki-Regular.otf"; sourceTree = "<group>"; };
		F186CE75201F7A5100B9EFDE /* Alpha12.0Hz.mp3 */ = {isa = PBXFileReference; lastKnownFileType = audio.mp3; path = Alpha12.0Hz.mp3; sourceTree = "<group>"; };
		F186CE76201F7A5100B9EFDE /* Alpha9.5Hz.mp3 */ = {isa = PBXFileReference; lastKnownFileType = audio.mp3; path = Alpha9.5Hz.mp3; sourceTree = "<group>"; };
		F186CE77201F7A5100B9EFDE /* Alpha10.0Hz.mp3 */ = {isa = PBXFileReference; lastKnownFileType = audio.mp3; path = Alpha10.0Hz.mp3; sourceTree = "<group>"; };
		F186CE78201F7A5100B9EFDE /* Alpha8.5Hz.mp3 */ = {isa = PBXFileReference; lastKnownFileType = audio.mp3; path = Alpha8.5Hz.mp3; sourceTree = "<group>"; };
		F186CE79201F7A5100B9EFDE /* Alpha9.0Hz.mp3 */ = {isa = PBXFileReference; lastKnownFileType = audio.mp3; path = Alpha9.0Hz.mp3; sourceTree = "<group>"; };
		F186CE7A201F7A5100B9EFDE /* Alpha11.5Hz.mp3 */ = {isa = PBXFileReference; lastKnownFileType = audio.mp3; path = Alpha11.5Hz.mp3; sourceTree = "<group>"; };
		F186CE7B201F7A5200B9EFDE /* Alpha11.0Hz.mp3 */ = {isa = PBXFileReference; lastKnownFileType = audio.mp3; path = Alpha11.0Hz.mp3; sourceTree = "<group>"; };
		F186CE7C201F7A5200B9EFDE /* Alpha10.5Hz.mp3 */ = {isa = PBXFileReference; lastKnownFileType = audio.mp3; path = Alpha10.5Hz.mp3; sourceTree = "<group>"; };
		F186CE85201F7C3600B9EFDE /* Pista.mp3 */ = {isa = PBXFileReference; lastKnownFileType = audio.mp3; path = Pista.mp3; sourceTree = "<group>"; };
		F186CE87201F7C9100B9EFDE /* Oceansound.mp3 */ = {isa = PBXFileReference; lastKnownFileType = audio.mp3; path = Oceansound.mp3; sourceTree = "<group>"; };
		F1941C102018EC1F00A7FFE3 /* Fubiz.app */ = {isa = PBXFileReference; explicitFileType = wrapper.application; includeInIndex = 0; path = Fubiz.app; sourceTree = BUILT_PRODUCTS_DIR; };
		F1941C132018EC1F00A7FFE3 /* AppDelegate.swift */ = {isa = PBXFileReference; lastKnownFileType = sourcecode.swift; path = AppDelegate.swift; sourceTree = "<group>"; };
		F1941C152018EC1F00A7FFE3 /* ViewController.swift */ = {isa = PBXFileReference; lastKnownFileType = sourcecode.swift; path = ViewController.swift; sourceTree = "<group>"; };
		F1941C182018EC1F00A7FFE3 /* Base */ = {isa = PBXFileReference; lastKnownFileType = file.storyboard; name = Base; path = Base.lproj/Main.storyboard; sourceTree = "<group>"; };
		F1941C1A2018EC1F00A7FFE3 /* Assets.xcassets */ = {isa = PBXFileReference; lastKnownFileType = folder.assetcatalog; path = Assets.xcassets; sourceTree = "<group>"; };
		F1941C1D2018EC1F00A7FFE3 /* Base */ = {isa = PBXFileReference; lastKnownFileType = file.storyboard; name = Base; path = Base.lproj/LaunchScreen.storyboard; sourceTree = "<group>"; };
		F1941C1F2018EC1F00A7FFE3 /* Info.plist */ = {isa = PBXFileReference; lastKnownFileType = text.plist.xml; path = Info.plist; sourceTree = "<group>"; };
		F1941C242018EC1F00A7FFE3 /* FubizTests.xctest */ = {isa = PBXFileReference; explicitFileType = wrapper.cfbundle; includeInIndex = 0; path = FubizTests.xctest; sourceTree = BUILT_PRODUCTS_DIR; };
		F1941C282018EC1F00A7FFE3 /* FubizTests.swift */ = {isa = PBXFileReference; lastKnownFileType = sourcecode.swift; path = FubizTests.swift; sourceTree = "<group>"; };
		F1941C2A2018EC1F00A7FFE3 /* Info.plist */ = {isa = PBXFileReference; lastKnownFileType = text.plist.xml; path = Info.plist; sourceTree = "<group>"; };
		F1941C2F2018EC1F00A7FFE3 /* FubizUITests.xctest */ = {isa = PBXFileReference; explicitFileType = wrapper.cfbundle; includeInIndex = 0; path = FubizUITests.xctest; sourceTree = BUILT_PRODUCTS_DIR; };
		F1941C332018EC1F00A7FFE3 /* FubizUITests.swift */ = {isa = PBXFileReference; lastKnownFileType = sourcecode.swift; path = FubizUITests.swift; sourceTree = "<group>"; };
		F1941C352018EC1F00A7FFE3 /* Info.plist */ = {isa = PBXFileReference; lastKnownFileType = text.plist.xml; path = Info.plist; sourceTree = "<group>"; };
		F1941C562018F0C500A7FFE3 /* DesignableX */ = {isa = PBXFileReference; lastKnownFileType = folder; path = DesignableX; sourceTree = "<group>"; };
		F1941C5A2018F11E00A7FFE3 /* FubizBntHome.swift */ = {isa = PBXFileReference; lastKnownFileType = sourcecode.swift; path = FubizBntHome.swift; sourceTree = "<group>"; };
		F1941C5C2018F14500A7FFE3 /* UIButtonX.swift */ = {isa = PBXFileReference; lastKnownFileType = sourcecode.swift; path = UIButtonX.swift; sourceTree = "<group>"; };
		F1941C5F2018F18C00A7FFE3 /* UIImageViewX.swift */ = {isa = PBXFileReference; lastKnownFileType = sourcecode.swift; path = UIImageViewX.swift; sourceTree = "<group>"; };
		F1941C612018F18F00A7FFE3 /* UIViewX.swift */ = {isa = PBXFileReference; lastKnownFileType = sourcecode.swift; path = UIViewX.swift; sourceTree = "<group>"; };
		F1941C632018F19200A7FFE3 /* UIViewControllerX.swift */ = {isa = PBXFileReference; lastKnownFileType = sourcecode.swift; path = UIViewControllerX.swift; sourceTree = "<group>"; };
		F1941C652018F19500A7FFE3 /* UILabelX.swift */ = {isa = PBXFileReference; lastKnownFileType = sourcecode.swift; path = UILabelX.swift; sourceTree = "<group>"; };
		F1941C682018F4EF00A7FFE3 /* slide.mp3 */ = {isa = PBXFileReference; lastKnownFileType = audio.mp3; path = slide.mp3; sourceTree = "<group>"; };
		F1AB68032020406A006676B0 /* ProgressBar.swift */ = {isa = PBXFileReference; lastKnownFileType = sourcecode.swift; path = ProgressBar.swift; sourceTree = "<group>"; };
		F1AB6805202040ED006676B0 /* CustomColor.swift */ = {isa = PBXFileReference; lastKnownFileType = sourcecode.swift; path = CustomColor.swift; sourceTree = "<group>"; };
		F1AB680820204165006676B0 /* CountdownTimer.swift */ = {isa = PBXFileReference; lastKnownFileType = sourcecode.swift; path = CountdownTimer.swift; sourceTree = "<group>"; };
		F1AB680A20204317006676B0 /* TimeViewController.swift */ = {isa = PBXFileReference; lastKnownFileType = sourcecode.swift; path = TimeViewController.swift; sourceTree = "<group>"; };
		F1BC18B4204DA171004FA5F1 /* AlphaSettingViewController.swift */ = {isa = PBXFileReference; lastKnownFileType = sourcecode.swift; path = AlphaSettingViewController.swift; sourceTree = "<group>"; };
/* End PBXFileReference section */

/* Begin PBXFrameworksBuildPhase section */
		F1941C0D2018EC1F00A7FFE3 /* Frameworks */ = {
			isa = PBXFrameworksBuildPhase;
			buildActionMask = 2147483647;
			files = (
			);
			runOnlyForDeploymentPostprocessing = 0;
		};
		F1941C212018EC1F00A7FFE3 /* Frameworks */ = {
			isa = PBXFrameworksBuildPhase;
			buildActionMask = 2147483647;
			files = (
			);
			runOnlyForDeploymentPostprocessing = 0;
		};
		F1941C2C2018EC1F00A7FFE3 /* Frameworks */ = {
			isa = PBXFrameworksBuildPhase;
			buildActionMask = 2147483647;
			files = (
			);
			runOnlyForDeploymentPostprocessing = 0;
		};
/* End PBXFrameworksBuildPhase section */

/* Begin PBXGroup section */
		F182290E201AE9A700FA564C /* Fonts */ = {
			isa = PBXGroup;
			children = (
				F1822911201AE9B700FA564C /* Jaapokki-Regular.otf */,
				F1822910201AE9B600FA564C /* Jaapokkienchance-Regular.otf */,
				F182290F201AE9B600FA564C /* Jaapokkisubtract-Regular.otf */,
			);
			path = Fonts;
			sourceTree = "<group>";
		};
		F186CE74201F765500B9EFDE /* Sounds */ = {
			isa = PBXGroup;
			children = (
				F186CE87201F7C9100B9EFDE /* Oceansound.mp3 */,
				F186CE85201F7C3600B9EFDE /* Pista.mp3 */,
				F186CE78201F7A5100B9EFDE /* Alpha8.5Hz.mp3 */,
				F186CE79201F7A5100B9EFDE /* Alpha9.0Hz.mp3 */,
				F186CE76201F7A5100B9EFDE /* Alpha9.5Hz.mp3 */,
				F186CE77201F7A5100B9EFDE /* Alpha10.0Hz.mp3 */,
				F186CE7C201F7A5200B9EFDE /* Alpha10.5Hz.mp3 */,
				F186CE7A201F7A5100B9EFDE /* Alpha11.5Hz.mp3 */,
				F186CE7B201F7A5200B9EFDE /* Alpha11.0Hz.mp3 */,
				F186CE75201F7A5100B9EFDE /* Alpha12.0Hz.mp3 */,
			);
			path = Sounds;
			sourceTree = "<group>";
		};
		F1941C072018EC1F00A7FFE3 = {
			isa = PBXGroup;
			children = (
				F1941C122018EC1F00A7FFE3 /* Fubiz */,
				F1941C272018EC1F00A7FFE3 /* FubizTests */,
				F1941C322018EC1F00A7FFE3 /* FubizUITests */,
				F1941C112018EC1F00A7FFE3 /* Products */,
			);
			sourceTree = "<group>";
		};
		F1941C112018EC1F00A7FFE3 /* Products */ = {
			isa = PBXGroup;
			children = (
				F1941C102018EC1F00A7FFE3 /* Fubiz.app */,
				F1941C242018EC1F00A7FFE3 /* FubizTests.xctest */,
				F1941C2F2018EC1F00A7FFE3 /* FubizUITests.xctest */,
			);
			name = Products;
			sourceTree = "<group>";
		};
		F1941C122018EC1F00A7FFE3 /* Fubiz */ = {
			isa = PBXGroup;
			children = (
				F1AB68072020414B006676B0 /* Countdown */,
				F1AB68022020401F006676B0 /* Progress */,
				F186CE74201F765500B9EFDE /* Sounds */,
				F182290E201AE9A700FA564C /* Fonts */,
				F1941C672018F42E00A7FFE3 /* Managerdb */,
				F1941C5E2018F16300A7FFE3 /* Designable */,
				F1941C562018F0C500A7FFE3 /* DesignableX */,
				F1941C132018EC1F00A7FFE3 /* AppDelegate.swift */,
				F16F820F201B879500335978 /* AlphaWavesViewController.swift */,
				F1941C152018EC1F00A7FFE3 /* ViewController.swift */,
				F1941C172018EC1F00A7FFE3 /* Main.storyboard */,
				F1941C1A2018EC1F00A7FFE3 /* Assets.xcassets */,
				F1941C1C2018EC1F00A7FFE3 /* LaunchScreen.storyboard */,
				F1941C1F2018EC1F00A7FFE3 /* Info.plist */,
				F1941C5A2018F11E00A7FFE3 /* FubizBntHome.swift */,
				F13EE28E201C30B2005E7905 /* UIViewExtensions.swift */,
				F13EE290201C3127005E7905 /* Timers.swift */,
				F1BC18B4204DA171004FA5F1 /* AlphaSettingViewController.swift */,
			);
			path = Fubiz;
			sourceTree = "<group>";
		};
		F1941C272018EC1F00A7FFE3 /* FubizTests */ = {
			isa = PBXGroup;
			children = (
				F1941C282018EC1F00A7FFE3 /* FubizTests.swift */,
				F1941C2A2018EC1F00A7FFE3 /* Info.plist */,
			);
			path = FubizTests;
			sourceTree = "<group>";
		};
		F1941C322018EC1F00A7FFE3 /* FubizUITests */ = {
			isa = PBXGroup;
			children = (
				F1941C332018EC1F00A7FFE3 /* FubizUITests.swift */,
				F1941C352018EC1F00A7FFE3 /* Info.plist */,
			);
			path = FubizUITests;
			sourceTree = "<group>";
		};
		F1941C5E2018F16300A7FFE3 /* Designable */ = {
			isa = PBXGroup;
			children = (
				F175E02B20210710000CEC70 /* UISliderX.swift */,
				F1941C5C2018F14500A7FFE3 /* UIButtonX.swift */,
				F1941C5F2018F18C00A7FFE3 /* UIImageViewX.swift */,
				F1941C612018F18F00A7FFE3 /* UIViewX.swift */,
				F1941C632018F19200A7FFE3 /* UIViewControllerX.swift */,
				F1941C652018F19500A7FFE3 /* UILabelX.swift */,
				F175E02D202108FD000CEC70 /* UISliderVolume.swift */,
			);
			path = Designable;
			sourceTree = "<group>";
		};
		F1941C672018F42E00A7FFE3 /* Managerdb */ = {
			isa = PBXGroup;
			children = (
				F1941C682018F4EF00A7FFE3 /* slide.mp3 */,
			);
			path = Managerdb;
			sourceTree = "<group>";
		};
		F1AB68022020401F006676B0 /* Progress */ = {
			isa = PBXGroup;
			children = (
				F1AB68032020406A006676B0 /* ProgressBar.swift */,
				F1AB6805202040ED006676B0 /* CustomColor.swift */,
				F1AB680A20204317006676B0 /* TimeViewController.swift */,
			);
			path = Progress;
			sourceTree = "<group>";
		};
		F1AB68072020414B006676B0 /* Countdown */ = {
			isa = PBXGroup;
			children = (
				F1AB680820204165006676B0 /* CountdownTimer.swift */,
			);
			path = Countdown;
			sourceTree = "<group>";
		};
/* End PBXGroup section */

/* Begin PBXNativeTarget section */
		F1941C0F2018EC1F00A7FFE3 /* Fubiz */ = {
			isa = PBXNativeTarget;
			buildConfigurationList = F1941C382018EC1F00A7FFE3 /* Build configuration list for PBXNativeTarget "Fubiz" */;
			buildPhases = (
				F1941C0C2018EC1F00A7FFE3 /* Sources */,
				F1941C0D2018EC1F00A7FFE3 /* Frameworks */,
				F1941C0E2018EC1F00A7FFE3 /* Resources */,
			);
			buildRules = (
			);
			dependencies = (
			);
			name = Fubiz;
			productName = Fubiz;
			productReference = F1941C102018EC1F00A7FFE3 /* Fubiz.app */;
			productType = "com.apple.product-type.application";
		};
		F1941C232018EC1F00A7FFE3 /* FubizTests */ = {
			isa = PBXNativeTarget;
			buildConfigurationList = F1941C3B2018EC1F00A7FFE3 /* Build configuration list for PBXNativeTarget "FubizTests" */;
			buildPhases = (
				F1941C202018EC1F00A7FFE3 /* Sources */,
				F1941C212018EC1F00A7FFE3 /* Frameworks */,
				F1941C222018EC1F00A7FFE3 /* Resources */,
			);
			buildRules = (
			);
			dependencies = (
				F1941C262018EC1F00A7FFE3 /* PBXTargetDependency */,
			);
			name = FubizTests;
			productName = FubizTests;
			productReference = F1941C242018EC1F00A7FFE3 /* FubizTests.xctest */;
			productType = "com.apple.product-type.bundle.unit-test";
		};
		F1941C2E2018EC1F00A7FFE3 /* FubizUITests */ = {
			isa = PBXNativeTarget;
			buildConfigurationList = F1941C3E2018EC1F00A7FFE3 /* Build configuration list for PBXNativeTarget "FubizUITests" */;
			buildPhases = (
				F1941C2B2018EC1F00A7FFE3 /* Sources */,
				F1941C2C2018EC1F00A7FFE3 /* Frameworks */,
				F1941C2D2018EC1F00A7FFE3 /* Resources */,
			);
			buildRules = (
			);
			dependencies = (
				F1941C312018EC1F00A7FFE3 /* PBXTargetDependency */,
			);
			name = FubizUITests;
			productName = FubizUITests;
			productReference = F1941C2F2018EC1F00A7FFE3 /* FubizUITests.xctest */;
			productType = "com.apple.product-type.bundle.ui-testing";
		};
/* End PBXNativeTarget section */

/* Begin PBXProject section */
		F1941C082018EC1F00A7FFE3 /* Project object */ = {
			isa = PBXProject;
			attributes = {
				LastSwiftUpdateCheck = 0920;
				LastUpgradeCheck = 0920;
				ORGANIZATIONNAME = Gone;
				TargetAttributes = {
					F1941C0F2018EC1F00A7FFE3 = {
						CreatedOnToolsVersion = 9.2;
						ProvisioningStyle = Automatic;
					};
					F1941C232018EC1F00A7FFE3 = {
						CreatedOnToolsVersion = 9.2;
						ProvisioningStyle = Automatic;
						TestTargetID = F1941C0F2018EC1F00A7FFE3;
					};
					F1941C2E2018EC1F00A7FFE3 = {
						CreatedOnToolsVersion = 9.2;
						ProvisioningStyle = Automatic;
						TestTargetID = F1941C0F2018EC1F00A7FFE3;
					};
				};
			};
			buildConfigurationList = F1941C0B2018EC1F00A7FFE3 /* Build configuration list for PBXProject "Fubiz" */;
			compatibilityVersion = "Xcode 8.0";
			developmentRegion = en;
			hasScannedForEncodings = 0;
			knownRegions = (
				en,
				Base,
			);
			mainGroup = F1941C072018EC1F00A7FFE3;
			productRefGroup = F1941C112018EC1F00A7FFE3 /* Products */;
			projectDirPath = "";
			projectRoot = "";
			targets = (
				F1941C0F2018EC1F00A7FFE3 /* Fubiz */,
				F1941C232018EC1F00A7FFE3 /* FubizTests */,
				F1941C2E2018EC1F00A7FFE3 /* FubizUITests */,
			);
		};
/* End PBXProject section */

/* Begin PBXResourcesBuildPhase section */
		F1941C0E2018EC1F00A7FFE3 /* Resources */ = {
			isa = PBXResourcesBuildPhase;
			buildActionMask = 2147483647;
			files = (
				F1941C1E2018EC1F00A7FFE3 /* LaunchScreen.storyboard in Resources */,
				F186CE88201F7C9100B9EFDE /* Oceansound.mp3 in Resources */,
				F1941C572018F0C500A7FFE3 /* DesignableX in Resources */,
				F186CE7E201F7A5200B9EFDE /* Alpha9.5Hz.mp3 in Resources */,
				F186CE86201F7C3600B9EFDE /* Pista.mp3 in Resources */,
				F186CE81201F7A5200B9EFDE /* Alpha9.0Hz.mp3 in Resources */,
				F186CE7D201F7A5200B9EFDE /* Alpha12.0Hz.mp3 in Resources */,
				F186CE83201F7A5200B9EFDE /* Alpha11.0Hz.mp3 in Resources */,
				F1941C692018F4EF00A7FFE3 /* slide.mp3 in Resources */,
				F1822912201AE9DB00FA564C /* Jaapokkienchance-Regular.otf in Resources */,
				F1822918201AE9EA00FA564C /* Jaapokkisubtract-Regular.otf in Resources */,
				F186CE84201F7A5200B9EFDE /* Alpha10.5Hz.mp3 in Resources */,
				F186CE82201F7A5200B9EFDE /* Alpha11.5Hz.mp3 in Resources */,
				F186CE80201F7A5200B9EFDE /* Alpha8.5Hz.mp3 in Resources */,
				F1941C1B2018EC1F00A7FFE3 /* Assets.xcassets in Resources */,
				F1941C192018EC1F00A7FFE3 /* Main.storyboard in Resources */,
				F186CE7F201F7A5200B9EFDE /* Alpha10.0Hz.mp3 in Resources */,
				F1822915201AE9E400FA564C /* Jaapokki-Regular.otf in Resources */,
			);
			runOnlyForDeploymentPostprocessing = 0;
		};
		F1941C222018EC1F00A7FFE3 /* Resources */ = {
			isa = PBXResourcesBuildPhase;
			buildActionMask = 2147483647;
			files = (
				F1822916201AE9E500FA564C /* Jaapokki-Regular.otf in Resources */,
				F1822919201AE9EA00FA564C /* Jaapokkisubtract-Regular.otf in Resources */,
				F1822913201AE9DC00FA564C /* Jaapokkienchance-Regular.otf in Resources */,
			);
			runOnlyForDeploymentPostprocessing = 0;
		};
		F1941C2D2018EC1F00A7FFE3 /* Resources */ = {
			isa = PBXResourcesBuildPhase;
			buildActionMask = 2147483647;
			files = (
				F1822917201AE9E500FA564C /* Jaapokki-Regular.otf in Resources */,
				F182291A201AE9EA00FA564C /* Jaapokkisubtract-Regular.otf in Resources */,
				F1822914201AE9DD00FA564C /* Jaapokkienchance-Regular.otf in Resources */,
			);
			runOnlyForDeploymentPostprocessing = 0;
		};
/* End PBXResourcesBuildPhase section */

/* Begin PBXSourcesBuildPhase section */
		F1941C0C2018EC1F00A7FFE3 /* Sources */ = {
			isa = PBXSourcesBuildPhase;
			buildActionMask = 2147483647;
			files = (
				F1AB680920204165006676B0 /* CountdownTimer.swift in Sources */,
				F1941C5D2018F14500A7FFE3 /* UIButtonX.swift in Sources */,
				F1941C602018F18C00A7FFE3 /* UIImageViewX.swift in Sources */,
				F175E02C20210710000CEC70 /* UISliderX.swift in Sources */,
				F1941C642018F19200A7FFE3 /* UIViewControllerX.swift in Sources */,
				F1BC18B5204DA171004FA5F1 /* AlphaSettingViewController.swift in Sources */,
				F1941C5B2018F11E00A7FFE3 /* FubizBntHome.swift in Sources */,
				F13EE291201C3127005E7905 /* Timers.swift in Sources */,
				F1941C162018EC1F00A7FFE3 /* ViewController.swift in Sources */,
				F1AB6806202040ED006676B0 /* CustomColor.swift in Sources */,
				F175E02E202108FD000CEC70 /* UISliderVolume.swift in Sources */,
				F1941C142018EC1F00A7FFE3 /* AppDelegate.swift in Sources */,
				F1941C622018F18F00A7FFE3 /* UIViewX.swift in Sources */,
				F16F8210201B879500335978 /* AlphaWavesViewController.swift in Sources */,
				F13EE28F201C30B2005E7905 /* UIViewExtensions.swift in Sources */,
				F1AB68042020406A006676B0 /* ProgressBar.swift in Sources */,
				F1AB680B20204317006676B0 /* TimeViewController.swift in Sources */,
				F1941C662018F19500A7FFE3 /* UILabelX.swift in Sources */,
			);
			runOnlyForDeploymentPostprocessing = 0;
		};
		F1941C202018EC1F00A7FFE3 /* Sources */ = {
			isa = PBXSourcesBuildPhase;
			buildActionMask = 2147483647;
			files = (
				F1941C292018EC1F00A7FFE3 /* FubizTests.swift in Sources */,
			);
			runOnlyForDeploymentPostprocessing = 0;
		};
		F1941C2B2018EC1F00A7FFE3 /* Sources */ = {
			isa = PBXSourcesBuildPhase;
			buildActionMask = 2147483647;
			files = (
				F1941C342018EC1F00A7FFE3 /* FubizUITests.swift in Sources */,
			);
			runOnlyForDeploymentPostprocessing = 0;
		};
/* End PBXSourcesBuildPhase section */

/* Begin PBXTargetDependency section */
		F1941C262018EC1F00A7FFE3 /* PBXTargetDependency */ = {
			isa = PBXTargetDependency;
			target = F1941C0F2018EC1F00A7FFE3 /* Fubiz */;
			targetProxy = F1941C252018EC1F00A7FFE3 /* PBXContainerItemProxy */;
		};
		F1941C312018EC1F00A7FFE3 /* PBXTargetDependency */ = {
			isa = PBXTargetDependency;
			target = F1941C0F2018EC1F00A7FFE3 /* Fubiz */;
			targetProxy = F1941C302018EC1F00A7FFE3 /* PBXContainerItemProxy */;
		};
/* End PBXTargetDependency section */

/* Begin PBXVariantGroup section */
		F1941C172018EC1F00A7FFE3 /* Main.storyboard */ = {
			isa = PBXVariantGroup;
			children = (
				F1941C182018EC1F00A7FFE3 /* Base */,
			);
			name = Main.storyboard;
			sourceTree = "<group>";
		};
		F1941C1C2018EC1F00A7FFE3 /* LaunchScreen.storyboard */ = {
			isa = PBXVariantGroup;
			children = (
				F1941C1D2018EC1F00A7FFE3 /* Base */,
			);
			name = LaunchScreen.storyboard;
			sourceTree = "<group>";
		};
/* End PBXVariantGroup section */

/* Begin XCBuildConfiguration section */
		F1941C362018EC1F00A7FFE3 /* Debug */ = {
			isa = XCBuildConfiguration;
			buildSettings = {
				ALWAYS_SEARCH_USER_PATHS = NO;
				CLANG_ANALYZER_NONNULL = YES;
				CLANG_ANALYZER_NUMBER_OBJECT_CONVERSION = YES_AGGRESSIVE;
				CLANG_CXX_LANGUAGE_STANDARD = "gnu++14";
				CLANG_CXX_LIBRARY = "libc++";
				CLANG_ENABLE_MODULES = YES;
				CLANG_ENABLE_OBJC_ARC = YES;
				CLANG_WARN_BLOCK_CAPTURE_AUTORELEASING = YES;
				CLANG_WARN_BOOL_CONVERSION = YES;
				CLANG_WARN_COMMA = YES;
				CLANG_WARN_CONSTANT_CONVERSION = YES;
				CLANG_WARN_DIRECT_OBJC_ISA_USAGE = YES_ERROR;
				CLANG_WARN_DOCUMENTATION_COMMENTS = YES;
				CLANG_WARN_EMPTY_BODY = YES;
				CLANG_WARN_ENUM_CONVERSION = YES;
				CLANG_WARN_INFINITE_RECURSION = YES;
				CLANG_WARN_INT_CONVERSION = YES;
				CLANG_WARN_NON_LITERAL_NULL_CONVERSION = YES;
				CLANG_WARN_OBJC_LITERAL_CONVERSION = YES;
				CLANG_WARN_OBJC_ROOT_CLASS = YES_ERROR;
				CLANG_WARN_RANGE_LOOP_ANALYSIS = YES;
				CLANG_WARN_STRICT_PROTOTYPES = YES;
				CLANG_WARN_SUSPICIOUS_MOVE = YES;
				CLANG_WARN_UNGUARDED_AVAILABILITY = YES_AGGRESSIVE;
				CLANG_WARN_UNREACHABLE_CODE = YES;
				CLANG_WARN__DUPLICATE_METHOD_MATCH = YES;
				CODE_SIGN_IDENTITY = "iPhone Developer";
				COPY_PHASE_STRIP = NO;
				DEBUG_INFORMATION_FORMAT = dwarf;
				ENABLE_STRICT_OBJC_MSGSEND = YES;
				ENABLE_TESTABILITY = YES;
				GCC_C_LANGUAGE_STANDARD = gnu11;
				GCC_DYNAMIC_NO_PIC = NO;
				GCC_NO_COMMON_BLOCKS = YES;
				GCC_OPTIMIZATION_LEVEL = 0;
				GCC_PREPROCESSOR_DEFINITIONS = (
					"DEBUG=1",
					"$(inherited)",
				);
				GCC_WARN_64_TO_32_BIT_CONVERSION = YES;
				GCC_WARN_ABOUT_RETURN_TYPE = YES_ERROR;
				GCC_WARN_UNDECLARED_SELECTOR = YES;
				GCC_WARN_UNINITIALIZED_AUTOS = YES_AGGRESSIVE;
				GCC_WARN_UNUSED_FUNCTION = YES;
				GCC_WARN_UNUSED_VARIABLE = YES;
				IPHONEOS_DEPLOYMENT_TARGET = 11.2;
				MTL_ENABLE_DEBUG_INFO = YES;
				ONLY_ACTIVE_ARCH = YES;
				SDKROOT = iphoneos;
				SWIFT_ACTIVE_COMPILATION_CONDITIONS = DEBUG;
				SWIFT_OPTIMIZATION_LEVEL = "-Onone";
			};
			name = Debug;
		};
		F1941C372018EC1F00A7FFE3 /* Release */ = {
			isa = XCBuildConfiguration;
			buildSettings = {
				ALWAYS_SEARCH_USER_PATHS = NO;
				CLANG_ANALYZER_NONNULL = YES;
				CLANG_ANALYZER_NUMBER_OBJECT_CONVERSION = YES_AGGRESSIVE;
				CLANG_CXX_LANGUAGE_STANDARD = "gnu++14";
				CLANG_CXX_LIBRARY = "libc++";
				CLANG_ENABLE_MODULES = YES;
				CLANG_ENABLE_OBJC_ARC = YES;
				CLANG_WARN_BLOCK_CAPTURE_AUTORELEASING = YES;
				CLANG_WARN_BOOL_CONVERSION = YES;
				CLANG_WARN_COMMA = YES;
				CLANG_WARN_CONSTANT_CONVERSION = YES;
				CLANG_WARN_DIRECT_OBJC_ISA_USAGE = YES_ERROR;
				CLANG_WARN_DOCUMENTATION_COMMENTS = YES;
				CLANG_WARN_EMPTY_BODY = YES;
				CLANG_WARN_ENUM_CONVERSION = YES;
				CLANG_WARN_INFINITE_RECURSION = YES;
				CLANG_WARN_INT_CONVERSION = YES;
				CLANG_WARN_NON_LITERAL_NULL_CONVERSION = YES;
				CLANG_WARN_OBJC_LITERAL_CONVERSION = YES;
				CLANG_WARN_OBJC_ROOT_CLASS = YES_ERROR;
				CLANG_WARN_RANGE_LOOP_ANALYSIS = YES;
				CLANG_WARN_STRICT_PROTOTYPES = YES;
				CLANG_WARN_SUSPICIOUS_MOVE = YES;
				CLANG_WARN_UNGUARDED_AVAILABILITY = YES_AGGRESSIVE;
				CLANG_WARN_UNREACHABLE_CODE = YES;
				CLANG_WARN__DUPLICATE_METHOD_MATCH = YES;
				CODE_SIGN_IDENTITY = "iPhone Developer";
				COPY_PHASE_STRIP = NO;
				DEBUG_INFORMATION_FORMAT = "dwarf-with-dsym";
				ENABLE_NS_ASSERTIONS = NO;
				ENABLE_STRICT_OBJC_MSGSEND = YES;
				GCC_C_LANGUAGE_STANDARD = gnu11;
				GCC_NO_COMMON_BLOCKS = YES;
				GCC_WARN_64_TO_32_BIT_CONVERSION = YES;
				GCC_WARN_ABOUT_RETURN_TYPE = YES_ERROR;
				GCC_WARN_UNDECLARED_SELECTOR = YES;
				GCC_WARN_UNINITIALIZED_AUTOS = YES_AGGRESSIVE;
				GCC_WARN_UNUSED_FUNCTION = YES;
				GCC_WARN_UNUSED_VARIABLE = YES;
				IPHONEOS_DEPLOYMENT_TARGET = 11.2;
				MTL_ENABLE_DEBUG_INFO = NO;
				SDKROOT = iphoneos;
				SWIFT_OPTIMIZATION_LEVEL = "-Owholemodule";
				VALIDATE_PRODUCT = YES;
			};
			name = Release;
		};
		F1941C392018EC1F00A7FFE3 /* Debug */ = {
			isa = XCBuildConfiguration;
			buildSettings = {
				ASSETCATALOG_COMPILER_APPICON_NAME = AppIcon;
				CODE_SIGN_STYLE = Automatic;
				INFOPLIST_FILE = Fubiz/Info.plist;
				LD_RUNPATH_SEARCH_PATHS = "$(inherited) @executable_path/Frameworks";
				PRODUCT_BUNDLE_IDENTIFIER = fubiz.Fubiz;
				PRODUCT_NAME = "$(TARGET_NAME)";
				SWIFT_VERSION = 4.0;
				TARGETED_DEVICE_FAMILY = "1,2";
			};
			name = Debug;
		};
		F1941C3A2018EC1F00A7FFE3 /* Release */ = {
			isa = XCBuildConfiguration;
			buildSettings = {
				ASSETCATALOG_COMPILER_APPICON_NAME = AppIcon;
				CODE_SIGN_STYLE = Automatic;
				INFOPLIST_FILE = Fubiz/Info.plist;
				LD_RUNPATH_SEARCH_PATHS = "$(inherited) @executable_path/Frameworks";
				PRODUCT_BUNDLE_IDENTIFIER = fubiz.Fubiz;
				PRODUCT_NAME = "$(TARGET_NAME)";
				SWIFT_VERSION = 4.0;
				TARGETED_DEVICE_FAMILY = "1,2";
			};
			name = Release;
		};
		F1941C3C2018EC1F00A7FFE3 /* Debug */ = {
			isa = XCBuildConfiguration;
			buildSettings = {
				ALWAYS_EMBED_SWIFT_STANDARD_LIBRARIES = YES;
				BUNDLE_LOADER = "$(TEST_HOST)";
				CODE_SIGN_STYLE = Automatic;
				INFOPLIST_FILE = FubizTests/Info.plist;
				LD_RUNPATH_SEARCH_PATHS = "$(inherited) @executable_path/Frameworks @loader_path/Frameworks";
				PRODUCT_BUNDLE_IDENTIFIER = fubiz.FubizTests;
				PRODUCT_NAME = "$(TARGET_NAME)";
				SWIFT_VERSION = 4.0;
				TARGETED_DEVICE_FAMILY = "1,2";
				TEST_HOST = "$(BUILT_PRODUCTS_DIR)/Fubiz.app/Fubiz";
			};
			name = Debug;
		};
		F1941C3D2018EC1F00A7FFE3 /* Release */ = {
			isa = XCBuildConfiguration;
			buildSettings = {
				ALWAYS_EMBED_SWIFT_STANDARD_LIBRARIES = YES;
				BUNDLE_LOADER = "$(TEST_HOST)";
				CODE_SIGN_STYLE = Automatic;
				INFOPLIST_FILE = FubizTests/Info.plist;
				LD_RUNPATH_SEARCH_PATHS = "$(inherited) @executable_path/Frameworks @loader_path/Frameworks";
				PRODUCT_BUNDLE_IDENTIFIER = fubiz.FubizTests;
				PRODUCT_NAME = "$(TARGET_NAME)";
				SWIFT_VERSION = 4.0;
				TARGETED_DEVICE_FAMILY = "1,2";
				TEST_HOST = "$(BUILT_PRODUCTS_DIR)/Fubiz.app/Fubiz";
			};
			name = Release;
		};
		F1941C3F2018EC1F00A7FFE3 /* Debug */ = {
			isa = XCBuildConfiguration;
			buildSettings = {
				ALWAYS_EMBED_SWIFT_STANDARD_LIBRARIES = YES;
				CODE_SIGN_STYLE = Automatic;
				INFOPLIST_FILE = FubizUITests/Info.plist;
				LD_RUNPATH_SEARCH_PATHS = "$(inherited) @executable_path/Frameworks @loader_path/Frameworks";
				PRODUCT_BUNDLE_IDENTIFIER = fubiz.FubizUITests;
				PRODUCT_NAME = "$(TARGET_NAME)";
				SWIFT_VERSION = 4.0;
				TARGETED_DEVICE_FAMILY = "1,2";
				TEST_TARGET_NAME = Fubiz;
			};
			name = Debug;
		};
		F1941C402018EC1F00A7FFE3 /* Release */ = {
			isa = XCBuildConfiguration;
			buildSettings = {
				ALWAYS_EMBED_SWIFT_STANDARD_LIBRARIES = YES;
				CODE_SIGN_STYLE = Automatic;
				INFOPLIST_FILE = FubizUITests/Info.plist;
				LD_RUNPATH_SEARCH_PATHS = "$(inherited) @executable_path/Frameworks @loader_path/Frameworks";
				PRODUCT_BUNDLE_IDENTIFIER = fubiz.FubizUITests;
				PRODUCT_NAME = "$(TARGET_NAME)";
				SWIFT_VERSION = 4.0;
				TARGETED_DEVICE_FAMILY = "1,2";
				TEST_TARGET_NAME = Fubiz;
			};
			name = Release;
		};
/* End XCBuildConfiguration section */

/* Begin XCConfigurationList section */
		F1941C0B2018EC1F00A7FFE3 /* Build configuration list for PBXProject "Fubiz" */ = {
			isa = XCConfigurationList;
			buildConfigurations = (
				F1941C362018EC1F00A7FFE3 /* Debug */,
				F1941C372018EC1F00A7FFE3 /* Release */,
			);
			defaultConfigurationIsVisible = 0;
			defaultConfigurationName = Release;
		};
		F1941C382018EC1F00A7FFE3 /* Build configuration list for PBXNativeTarget "Fubiz" */ = {
			isa = XCConfigurationList;
			buildConfigurations = (
				F1941C392018EC1F00A7FFE3 /* Debug */,
				F1941C3A2018EC1F00A7FFE3 /* Release */,
			);
			defaultConfigurationIsVisible = 0;
			defaultConfigurationName = Release;
		};
		F1941C3B2018EC1F00A7FFE3 /* Build configuration list for PBXNativeTarget "FubizTests" */ = {
			isa = XCConfigurationList;
			buildConfigurations = (
				F1941C3C2018EC1F00A7FFE3 /* Debug */,
				F1941C3D2018EC1F00A7FFE3 /* Release */,
			);
			defaultConfigurationIsVisible = 0;
			defaultConfigurationName = Release;
		};
		F1941C3E2018EC1F00A7FFE3 /* Build configuration list for PBXNativeTarget "FubizUITests" */ = {
			isa = XCConfigurationList;
			buildConfigurations = (
				F1941C3F2018EC1F00A7FFE3 /* Debug */,
				F1941C402018EC1F00A7FFE3 /* Release */,
			);
			defaultConfigurationIsVisible = 0;
			defaultConfigurationName = Release;
		};
/* End XCConfigurationList section */
	};
	rootObject = F1941C082018EC1F00A7FFE3 /* Project object */;
}
